
Microsoft Visual Studio Solution File, Format Version 12.00
# Visual Studio Version 17
VisualStudioVersion = 17.3.32929.385
MinimumVisualStudioVersion = 10.0.40219.1
Project("{FAE04EC0-301F-11D3-BF4B-00C04F79EFBC}") = "CoffeeMakerMoq", "CoffeeMakerMoq.csproj", "{152ABAED-ACAB-4FFC-A8BE-2B0393A42CAD}"
EndProject
Global
	GlobalSection(SolutionConfigurationPlatforms) = preSolution
		Debug|Any CPU = Debug|Any CPU
		Release|Any CPU = Release|Any CPU
	EndGlobalSection
	GlobalSection(ProjectConfigurationPlatforms) = postSolution
		{152ABAED-ACAB-4FFC-A8BE-2B0393A42CAD}.Debug|Any CPU.ActiveCfg = Debug|Any CPU
		{152ABAED-ACAB-4FFC-A8BE-2B0393A42CAD}.Debug|Any CPU.Build.0 = Debug|Any CPU
		{152ABAED-ACAB-4FFC-A8BE-2B0393A42CAD}.Release|Any CPU.ActiveCfg = Release|Any CPU
		{152ABAED-ACAB-4FFC-A8BE-2B0393A42CAD}.Release|Any CPU.Build.0 = Release|Any CPU
	EndGlobalSection
	GlobalSection(SolutionProperties) = preSolution
		HideSolutionNode = FALSE
	EndGlobalSection
	GlobalSection(ExtensibilityGlobals) = postSolution
		SolutionGuid = {E3CF329A-70A8-4C3D-BBD4-F0ACFA2DF4C3}
	EndGlobalSection
EndGlobal
